{
  "name": "mnestic-sdk-conformance",
  "version": "0.1.0",
  "lockfileVersion": 3,
  "requires": true,
  "packages": {
    "": {
      "name": "mnestic-sdk-conformance",
      "version": "0.1.0",
      "license": "MIT",
      "dependencies": {
        "supermemory": "^4.24.2"
      },
      "engines": {
        "node": ">=20"
      }
    },
    "node_modules/supermemory": {
      "version": "4.24.12",
      "resolved": "https://registry.npmjs.org/supermemory/-/supermemory-4.24.12.tgz",
      "integrity": "sha512-xAFextuqk4JuoW33jJaFGqT1oMppN2IgfWUrV18Fv3qAAZ6M1SR1tb+7EBq8vrEQIx4iY2MQh5p+qnfL6lI8Yw==",
      "license": "Apache-2.0",
      "bin": {
        "supermemory": "bin/cli"
      }
    }
  }
}
